// !$*UTF8*$!
{
	archiveVersion = 1;
	classes = {
	};
	objectVersion = 46;
	objects = {

/* Begin PBXBuildFile section */
		A15E568C1A72ED3200FF6184 /* main.m in Sources */ = {isa = PBXBuildFile; fileRef = A15E568B1A72ED3200FF6184 /* main.m */; };
		A15E568F1A72ED3200FF6184 /* AppDelegate.m in Sources */ = {isa = PBXBuildFile; fileRef = A15E568E1A72ED3200FF6184 /* AppDelegate.m */; };
		A15E56921A72ED3200FF6184 /* ViewController.m in Sources */ = {isa = PBXBuildFile; fileRef = A15E56911A72ED3200FF6184 /* ViewController.m */; };
		A15E56951A72ED3200FF6184 /* Main.storyboard in Resources */ = {isa = PBXBuildFile; fileRef = A15E56931A72ED3200FF6184 /* Main.storyboard */; };
		A15E56971A72ED3200FF6184 /* Images.xcassets in Resources */ = {isa = PBXBuildFile; fileRef = A15E56961A72ED3200FF6184 /* Images.xcassets */; };
		A15E569A1A72ED3200FF6184 /* LaunchScreen.xib in Resources */ = {isa = PBXBuildFile; fileRef = A15E56981A72ED3200FF6184 /* LaunchScreen.xib */; };
		A15E56A61A72ED3200FF6184 /* BlocstagramNewTests.m in Sources */ = {isa = PBXBuildFile; fileRef = A15E56A51A72ED3200FF6184 /* BlocstagramNewTests.m */; };
/* End PBXBuildFile section */

/* Begin PBXContainerItemProxy section */
		A15E56A01A72ED3200FF6184 /* PBXContainerItemProxy */ = {
			isa = PBXContainerItemProxy;
			containerPortal = A15E567E1A72ED3100FF6184 /* Project object */;
			proxyType = 1;
			remoteGlobalIDString = A15E56851A72ED3100FF6184;
			remoteInfo = BlocstagramNew;
		};
/* End PBXContainerItemProxy section */

/* Begin PBXFileReference section */
		A15E56861A72ED3200FF6184 /* BlocstagramNew.app */ = {isa = PBXFileReference; explicitFileType = wrapper.application; includeInIndex = 0; path = BlocstagramNew.app; sourceTree = BUILT_PRODUCTS_DIR; };
		A15E568A1A72ED3200FF6184 /* Info.plist */ = {isa = PBXFileReference; lastKnownFileType = text.plist.xml; path = Info.plist; sourceTree = "<group>"; };
		A15E568B1A72ED3200FF6184 /* main.m */ = {isa = PBXFileReference; lastKnownFileType = sourcecode.c.objc; path = main.m; sourceTree = "<group>"; };
		A15E568D1A72ED3200FF6184 /* AppDelegate.h */ = {isa = PBXFileReference; lastKnownFileType = sourcecode.c.h; path = AppDelegate.h; sourceTree = "<group>"; };
		A15E568E1A72ED3200FF6184 /* AppDelegate.m */ = {isa = PBXFileReference; lastKnownFileType = sourcecode.c.objc; path = AppDelegate.m; sourceTree = "<group>"; };
		A15E56901A72ED3200FF6184 /* ViewController.h */ = {isa = PBXFileReference; lastKnownFileType = sourcecode.c.h; path = ViewController.h; sourceTree = "<group>"; };
		A15E56911A72ED3200FF6184 /* ViewController.m */ = {isa = PBXFileReference; lastKnownFileType = sourcecode.c.objc; path = ViewController.m; sourceTree = "<group>"; };
		A15E56941A72ED3200FF6184 /* Base */ = {isa = PBXFileReference; lastKnownFileType = file.storyboard; name = Base; path = Base.lproj/Main.storyboard; sourceTree = "<group>"; };
		A15E56961A72ED3200FF6184 /* Images.xcassets */ = {isa = PBXFileReference; lastKnownFileType = folder.assetcatalog; path = Images.xcassets; sourceTree = "<group>"; };
		A15E56991A72ED3200FF6184 /* Base */ = {isa = PBXFileReference; lastKnownFileType = file.xib; name = Base; path = Base.lproj/LaunchScreen.xib; sourceTree = "<group>"; };
		A15E569F1A72ED3200FF6184 /* BlocstagramNewTests.xctest */ = {isa = PBXFileReference; explicitFileType = wrapper.cfbundle; includeInIndex = 0; path = BlocstagramNewTests.xctest; sourceTree = BUILT_PRODUCTS_DIR; };
		A15E56A41A72ED3200FF6184 /* Info.plist */ = {isa = PBXFileReference; lastKnownFileType = text.plist.xml; path = Info.plist; sourceTree = "<group>"; };
		A15E56A51A72ED3200FF6184 /* BlocstagramNewTests.m */ = {isa = PBXFileReference; lastKnownFileType = sourcecode.c.objc; path = BlocstagramNewTests.m; sourceTree = "<group>"; };
/* End PBXFileReference section */

/* Begin PBXFrameworksBuildPhase section */
		A15E56831A72ED3100FF6184 /* Frameworks */ = {
			isa = PBXFrameworksBuildPhase;
			buildActionMask = 2147483647;
			files = (
			);
			runOnlyForDeploymentPostprocessing = 0;
		};
		A15E569C1A72ED3200FF6184 /* Frameworks */ = {
			isa = PBXFrameworksBuildPhase;
			buildActionMask = 2147483647;
			files = (
			);
			runOnlyForDeploymentPostprocessing = 0;
		};
/* End PBXFrameworksBuildPhase section */

/* Begin PBXGroup section */
		A15E567D1A72ED3100FF6184 = {
			isa = PBXGroup;
			children = (
				A15E56881A72ED3200FF6184 /* BlocstagramNew */,
				A15E56A21A72ED3200FF6184 /* BlocstagramNewTests */,
				A15E56871A72ED3200FF6184 /* Products */,
			);
			sourceTree = "<group>";
		};
		A15E56871A72ED3200FF6184 /* Products */ = {
			isa = PBXGroup;
			children = (
				A15E56861A72ED3200FF6184 /* BlocstagramNew.app */,
				A15E569F1A72ED3200FF6184 /* BlocstagramNewTests.xctest */,
			);
			name = Products;
			sourceTree = "<group>";
		};
		A15E56881A72ED3200FF6184 /* BlocstagramNew */ = {
			isa = PBXGroup;
			children = (
				A15E568D1A72ED3200FF6184 /* AppDelegate.h */,
				A15E568E1A72ED3200FF6184 /* AppDelegate.m */,
				A15E56901A72ED3200FF6184 /* ViewController.h */,
				A15E56911A72ED3200FF6184 /* ViewController.m */,
				A15E56931A72ED3200FF6184 /* Main.storyboard */,
				A15E56961A72ED3200FF6184 /* Images.xcassets */,
				A15E56981A72ED3200FF6184 /* LaunchScreen.xib */,
				A15E56891A72ED3200FF6184 /* Supporting Files */,
			);
			path = BlocstagramNew;
			sourceTree = "<group>";
		};
		A15E56891A72ED3200FF6184 /* Supporting Files */ = {
			isa = PBXGroup;
			children = (
				A15E568A1A72ED3200FF6184 /* Info.plist */,
				A15E568B1A72ED3200FF6184 /* main.m */,
			);
			name = "Supporting Files";
			sourceTree = "<group>";
		};
		A15E56A21A72ED3200FF6184 /* BlocstagramNewTests */ = {
			isa = PBXGroup;
			children = (
				A15E56A51A72ED3200FF6184 /* BlocstagramNewTests.m */,
				A15E56A31A72ED3200FF6184 /* Supporting Files */,
			);
			path = BlocstagramNewTests;
			sourceTree = "<group>";
		};
		A15E56A31A72ED3200FF6184 /* Supporting Files */ = {
			isa = PBXGroup;
			children = (
				A15E56A41A72ED3200FF6184 /* Info.plist */,
			);
			name = "Supporting Files";
			sourceTree = "<group>";
		};
/* End PBXGroup section */

/* Begin PBXNativeTarget section */
		A15E56851A72ED3100FF6184 /* BlocstagramNew */ = {
			isa = PBXNativeTarget;
			buildConfigurationList = A15E56A91A72ED3200FF6184 /* Build configuration list for PBXNativeTarget "BlocstagramNew" */;
			buildPhases = (
				A15E56821A72ED3100FF6184 /* Sources */,
				A15E56831A72ED3100FF6184 /* Frameworks */,
				A15E56841A72ED3100FF6184 /* Resources */,
			);
			buildRules = (
			);
			dependencies = (
			);
			name = BlocstagramNew;
			productName = BlocstagramNew;
			productReference = A15E56861A72ED3200FF6184 /* BlocstagramNew.app */;
			productType = "com.apple.product-type.application";
		};
		A15E569E1A72ED3200FF6184 /* BlocstagramNewTests */ = {
			isa = PBXNativeTarget;
			buildConfigurationList = A15E56AC1A72ED3200FF6184 /* Build configuration list for PBXNativeTarget "BlocstagramNewTests" */;
			buildPhases = (
				A15E569B1A72ED3200FF6184 /* Sources */,
				A15E569C1A72ED3200FF6184 /* Frameworks */,
				A15E569D1A72ED3200FF6184 /* Resources */,
			);
			buildRules = (
			);
			dependencies = (
				A15E56A11A72ED3200FF6184 /* PBXTargetDependency */,
			);
			name = BlocstagramNewTests;
			productName = BlocstagramNewTests;
			productReference = A15E569F1A72ED3200FF6184 /* BlocstagramNewTests.xctest */;
			productType = "com.apple.product-type.bundle.unit-test";
		};
/* End PBXNativeTarget section */

/* Begin PBXProject section */
		A15E567E1A72ED3100FF6184 /* Project object */ = {
			isa = PBXProject;
			attributes = {
				LastUpgradeCheck = 0610;
				ORGANIZATIONNAME = "Tmrw, Inc.";
				TargetAttributes = {
					A15E56851A72ED3100FF6184 = {
						CreatedOnToolsVersion = 6.1.1;
					};
					A15E569E1A72ED3200FF6184 = {
						CreatedOnToolsVersion = 6.1.1;
						TestTargetID = A15E56851A72ED3100FF6184;
					};
				};
			};
			buildConfigurationList = A15E56811A72ED3100FF6184 /* Build configuration list for PBXProject "BlocstagramNew" */;
			compatibilityVersion = "Xcode 3.2";
			developmentRegion = English;
			hasScannedForEncodings = 0;
			knownRegions = (
				en,
				Base,
			);
			mainGroup = A15E567D1A72ED3100FF6184;
			productRefGroup = A15E56871A72ED3200FF6184 /* Products */;
			projectDirPath = "";
			projectRoot = "";
			targets = (
				A15E56851A72ED3100FF6184 /* BlocstagramNew */,
				A15E569E1A72ED3200FF6184 /* BlocstagramNewTests */,
			);
		};
/* End PBXProject section */

/* Begin PBXResourcesBuildPhase section */
		A15E56841A72ED3100FF6184 /* Resources */ = {
			isa = PBXResourcesBuildPhase;
			buildActionMask = 2147483647;
			files = (
				A15E56951A72ED3200FF6184 /* Main.storyboard in Resources */,
				A15E569A1A72ED3200FF6184 /* LaunchScreen.xib in Resources */,
				A15E56971A72ED3200FF6184 /* Images.xcassets in Resources */,
			);
			runOnlyForDeploymentPostprocessing = 0;
		};
		A15E569D1A72ED3200FF6184 /* Resources */ = {
			isa = PBXResourcesBuildPhase;
			buildActionMask = 2147483647;
			files = (
			);
			runOnlyForDeploymentPostprocessing = 0;
		};
/* End PBXResourcesBuildPhase section */

/* Begin PBXSourcesBuildPhase section */
		A15E56821A72ED3100FF6184 /* Sources */ = {
			isa = PBXSourcesBuildPhase;
			buildActionMask = 2147483647;
			files = (
				A15E56921A72ED3200FF6184 /* ViewController.m in Sources */,
				A15E568F1A72ED3200FF6184 /* AppDelegate.m in Sources */,
				A15E568C1A72ED3200FF6184 /* main.m in Sources */,
			);
			runOnlyForDeploymentPostprocessing = 0;
		};
		A15E569B1A72ED3200FF6184 /* Sources */ = {
			isa = PBXSourcesBuildPhase;
			buildActionMask = 2147483647;
			files = (
				A15E56A61A72ED3200FF6184 /* BlocstagramNewTests.m in Sources */,
			);
			runOnlyForDeploymentPostprocessing = 0;
		};
/* End PBXSourcesBuildPhase section */

/* Begin PBXTargetDependency section */
		A15E56A11A72ED3200FF6184 /* PBXTargetDependency */ = {
			isa = PBXTargetDependency;
			target = A15E56851A72ED3100FF6184 /* BlocstagramNew */;
			targetProxy = A15E56A01A72ED3200FF6184 /* PBXContainerItemProxy */;
		};
/* End PBXTargetDependency section */

/* Begin PBXVariantGroup section */
		A15E56931A72ED3200FF6184 /* Main.storyboard */ = {
			isa = PBXVariantGroup;
			children = (
				A15E56941A72ED3200FF6184 /* Base */,
			);
			name = Main.storyboard;
			sourceTree = "<group>";
		};
		A15E56981A72ED3200FF6184 /* LaunchScreen.xib */ = {
			isa = PBXVariantGroup;
			children = (
				A15E56991A72ED3200FF6184 /* Base */,
			);
			name = LaunchScreen.xib;
			sourceTree = "<group>";
		};
/* End PBXVariantGroup section */

/* Begin XCBuildConfiguration section */
		A15E56A71A72ED3200FF6184 /* Debug */ = {
			isa = XCBuildConfiguration;
			buildSettings = {
				ALWAYS_SEARCH_USER_PATHS = NO;
				CLANG_CXX_LANGUAGE_STANDARD = "gnu++0x";
				CLANG_CXX_LIBRARY = "libc++";
				CLANG_ENABLE_MODULES = YES;
				CLANG_ENABLE_OBJC_ARC = YES;
				CLANG_WARN_BOOL_CONVERSION = YES;
				CLANG_WARN_CONSTANT_CONVERSION = YES;
				CLANG_WARN_DIRECT_OBJC_ISA_USAGE = YES_ERROR;
				CLANG_WARN_EMPTY_BODY = YES;
				CLANG_WARN_ENUM_CONVERSION = YES;
				CLANG_WARN_INT_CONVERSION = YES;
				CLANG_WARN_OBJC_ROOT_CLASS = YES_ERROR;
				CLANG_WARN_UNREACHABLE_CODE = YES;
				CLANG_WARN__DUPLICATE_METHOD_MATCH = YES;
				"CODE_SIGN_IDENTITY[sdk=iphoneos*]" = "iPhone Developer";
				COPY_PHASE_STRIP = NO;
				ENABLE_STRICT_OBJC_MSGSEND = YES;
				GCC_C_LANGUAGE_STANDARD = gnu99;
				GCC_DYNAMIC_NO_PIC = NO;
				GCC_OPTIMIZATION_LEVEL = 0;
				GCC_PREPROCESSOR_DEFINITIONS = (
					"DEBUG=1",
					"$(inherited)",
				);
				GCC_SYMBOLS_PRIVATE_EXTERN = NO;
				GCC_WARN_64_TO_32_BIT_CONVERSION = YES;
				GCC_WARN_ABOUT_RETURN_TYPE = YES_ERROR;
				GCC_WARN_UNDECLARED_SELECTOR = YES;
				GCC_WARN_UNINITIALIZED_AUTOS = YES_AGGRESSIVE;
				GCC_WARN_UNUSED_FUNCTION = YES;
				GCC_WARN_UNUSED_VARIABLE = YES;
				IPHONEOS_DEPLOYMENT_TARGET = 8.1;
				MTL_ENABLE_DEBUG_INFO = YES;
				ONLY_ACTIVE_ARCH = YES;
				SDKROOT = iphoneos;
				TARGETED_DEVICE_FAMILY = "1,2";
			};
			name = Debug;
		};
		A15E56A81A72ED3200FF6184 /* Release */ = {
			isa = XCBuildConfiguration;
			buildSettings = {
				ALWAYS_SEARCH_USER_PATHS = NO;
				CLANG_CXX_LANGUAGE_STANDARD = "gnu++0x";
				CLANG_CXX_LIBRARY = "libc++";
				CLANG_ENABLE_MODULES = YES;
				CLANG_ENABLE_OBJC_ARC = YES;
				CLANG_WARN_BOOL_CONVERSION = YES;
				CLANG_WARN_CONSTANT_CONVERSION = YES;
				CLANG_WARN_DIRECT_OBJC_ISA_USAGE = YES_ERROR;
				CLANG_WARN_EMPTY_BODY = YES;
				CLANG_WARN_ENUM_CONVERSION = YES;
				CLANG_WARN_INT_CONVERSION = YES;
				CLANG_WARN_OBJC_ROOT_CLASS = YES_ERROR;
				CLANG_WARN_UNREACHABLE_CODE = YES;
				CLANG_WARN__DUPLICATE_METHOD_MATCH = YES;
				"CODE_SIGN_IDENTITY[sdk=iphoneos*]" = "iPhone Developer";
				COPY_PHASE_STRIP = YES;
				ENABLE_NS_ASSERTIONS = NO;
				ENABLE_STRICT_OBJC_MSGSEND = YES;
				GCC_C_LANGUAGE_STANDARD = gnu99;
				GCC_WARN_64_TO_32_BIT_CONVERSION = YES;
				GCC_WARN_ABOUT_RETURN_TYPE = YES_ERROR;
				GCC_WARN_UNDECLARED_SELECTOR = YES;
				GCC_WARN_UNINITIALIZED_AUTOS = YES_AGGRESSIVE;
				GCC_WARN_UNUSED_FUNCTION = YES;
				GCC_WARN_UNUSED_VARIABLE = YES;
				IPHONEOS_DEPLOYMENT_TARGET = 8.1;
				MTL_ENABLE_DEBUG_INFO = NO;
				SDKROOT = iphoneos;
				TARGETED_DEVICE_FAMILY = "1,2";
				VALIDATE_PRODUCT = YES;
			};
			name = Release;
		};
		A15E56AA1A72ED3200FF6184 /* Debug */ = {
			isa = XCBuildConfiguration;
			buildSettings = {
				ASSETCATALOG_COMPILER_APPICON_NAME = AppIcon;
				INFOPLIST_FILE = BlocstagramNew/Info.plist;
				LD_RUNPATH_SEARCH_PATHS = "$(inherited) @executable_path/Frameworks";
				PRODUCT_NAME = "$(TARGET_NAME)";
			};
			name = Debug;
		};
		A15E56AB1A72ED3200FF6184 /* Release */ = {
			isa = XCBuildConfiguration;
			buildSettings = {
				ASSETCATALOG_COMPILER_APPICON_NAME = AppIcon;
				INFOPLIST_FILE = BlocstagramNew/Info.plist;
				LD_RUNPATH_SEARCH_PATHS = "$(inherited) @executable_path/Frameworks";
				PRODUCT_NAME = "$(TARGET_NAME)";
			};
			name = Release;
		};
		A15E56AD1A72ED3200FF6184 /* Debug */ = {
			isa = XCBuildConfiguration;
			buildSettings = {
				BUNDLE_LOADER = "$(TEST_HOST)";
				FRAMEWORK_SEARCH_PATHS = (
					"$(SDKROOT)/Developer/Library/Frameworks",
					"$(inherited)",
				);
				GCC_PREPROCESSOR_DEFINITIONS = (
					"DEBUG=1",
					"$(inherited)",
				);
				INFOPLIST_FILE = BlocstagramNewTests/Info.plist;
				LD_RUNPATH_SEARCH_PATHS = "$(inherited) @executable_path/Frameworks @loader_path/Frameworks";
				PRODUCT_NAME = "$(TARGET_NAME)";
				TEST_HOST = "$(BUILT_PRODUCTS_DIR)/BlocstagramNew.app/BlocstagramNew";
			};
			name = Debug;
		};
		A15E56AE1A72ED3200FF6184 /* Release */ = {
			isa = XCBuildConfiguration;
			buildSettings = {
				BUNDLE_LOADER = "$(TEST_HOST)";
				FRAMEWORK_SEARCH_PATHS = (
					"$(SDKROOT)/Developer/Library/Frameworks",
					"$(inherited)",
				);
				INFOPLIST_FILE = BlocstagramNewTests/Info.plist;
				LD_RUNPATH_SEARCH_PATHS = "$(inherited) @executable_path/Frameworks @loader_path/Frameworks";
				PRODUCT_NAME = "$(TARGET_NAME)";
				TEST_HOST = "$(BUILT_PRODUCTS_DIR)/BlocstagramNew.app/BlocstagramNew";
			};
			name = Release;
		};
/* End XCBuildConfiguration section */

/* Begin XCConfigurationList section */
		A15E56811A72ED3100FF6184 /* Build configuration list for PBXProject "BlocstagramNew" */ = {
			isa = XCConfigurationList;
			buildConfigurations = (
				A15E56A71A72ED3200FF6184 /* Debug */,
				A15E56A81A72ED3200FF6184 /* Release */,
			);
			defaultConfigurationIsVisible = 0;
			defaultConfigurationName = Release;
		};
		A15E56A91A72ED3200FF6184 /* Build configuration list for PBXNativeTarget "BlocstagramNew" */ = {
			isa = XCConfigurationList;
			buildConfigurations = (
				A15E56AA1A72ED3200FF6184 /* Debug */,
				A15E56AB1A72ED3200FF6184 /* Release */,
			);
			defaultConfigurationIsVisible = 0;
		};
		A15E56AC1A72ED3200FF6184 /* Build configuration list for PBXNativeTarget "BlocstagramNewTests" */ = {
			isa = XCConfigurationList;
			buildConfigurations = (
				A15E56AD1A72ED3200FF6184 /* Debug */,
				A15E56AE1A72ED3200FF6184 /* Release */,
			);
			defaultConfigurationIsVisible = 0;
		};
/* End XCConfigurationList section */
	};
	rootObject = A15E567E1A72ED3100FF6184 /* Project object */;
}
