// !$*UTF8*$!
{
	archiveVersion = 1;
	classes = {
	};
	objectVersion = 46;
	objects = {

/* Begin PBXBuildFile section */
		8C2B965CE63E96B6E6381ABB /* libPods.a in Frameworks */ = {isa = PBXBuildFile; fileRef = 7FAA539FE8959A504CE3EA4F /* libPods.a */; };
		A1927DC31A8282D0003DA9F9 /* CircleSpinnerView.m in Sources */ = {isa = PBXBuildFile; fileRef = A1927DC21A8282D0003DA9F9 /* CircleSpinnerView.m */; };
		A1927DC61A828A49003DA9F9 /* LikeButton.m in Sources */ = {isa = PBXBuildFile; fileRef = A1927DC51A828A49003DA9F9 /* LikeButton.m */; };
		A1927DC91A82A2CD003DA9F9 /* ComposeCommentView.m in Sources */ = {isa = PBXBuildFile; fileRef = A1927DC81A82A2CD003DA9F9 /* ComposeCommentView.m */; };
		A1927DCC1A82C714003DA9F9 /* CameraToolbar.m in Sources */ = {isa = PBXBuildFile; fileRef = A1927DCB1A82C714003DA9F9 /* CameraToolbar.m */; };
		A1927DCF1A82CD9F003DA9F9 /* CameraViewController.m in Sources */ = {isa = PBXBuildFile; fileRef = A1927DCE1A82CD9F003DA9F9 /* CameraViewController.m */; };
		A1A50B881A8D56CC007B814D /* UIImage+ImageUtilities.m in Sources */ = {isa = PBXBuildFile; fileRef = A1A50B871A8D56CC007B814D /* UIImage+ImageUtilities.m */; };
		A1A50B8B1A9CFB80007B814D /* CropBox.m in Sources */ = {isa = PBXBuildFile; fileRef = A1A50B8A1A9CFB80007B814D /* CropBox.m */; };
		A1A50B8E1A9D09EF007B814D /* CropImageViewController.m in Sources */ = {isa = PBXBuildFile; fileRef = A1A50B8D1A9D09EF007B814D /* CropImageViewController.m */; };
		A1A50B911A9D1075007B814D /* ImageLibraryViewController.m in Sources */ = {isa = PBXBuildFile; fileRef = A1A50B901A9D1075007B814D /* ImageLibraryViewController.m */; };
		A1FD897B1A76C3D100703AA7 /* main.m in Sources */ = {isa = PBXBuildFile; fileRef = A1FD897A1A76C3D100703AA7 /* main.m */; };
		A1FD897E1A76C3D100703AA7 /* AppDelegate.m in Sources */ = {isa = PBXBuildFile; fileRef = A1FD897D1A76C3D100703AA7 /* AppDelegate.m */; };
		A1FD89811A76C3D100703AA7 /* ViewController.m in Sources */ = {isa = PBXBuildFile; fileRef = A1FD89801A76C3D100703AA7 /* ViewController.m */; };
		A1FD89841A76C3D100703AA7 /* Main.storyboard in Resources */ = {isa = PBXBuildFile; fileRef = A1FD89821A76C3D100703AA7 /* Main.storyboard */; };
		A1FD89861A76C3D100703AA7 /* Images.xcassets in Resources */ = {isa = PBXBuildFile; fileRef = A1FD89851A76C3D100703AA7 /* Images.xcassets */; };
		A1FD89891A76C3D100703AA7 /* LaunchScreen.xib in Resources */ = {isa = PBXBuildFile; fileRef = A1FD89871A76C3D100703AA7 /* LaunchScreen.xib */; };
		A1FD89951A76C3D100703AA7 /* BlocstagramThirdTests.m in Sources */ = {isa = PBXBuildFile; fileRef = A1FD89941A76C3D100703AA7 /* BlocstagramThirdTests.m */; };
		A1FD89A91A76C42E00703AA7 /* 1.jpg in Resources */ = {isa = PBXBuildFile; fileRef = A1FD899F1A76C42E00703AA7 /* 1.jpg */; };
		A1FD89AA1A76C42E00703AA7 /* 2.jpg in Resources */ = {isa = PBXBuildFile; fileRef = A1FD89A01A76C42E00703AA7 /* 2.jpg */; };
		A1FD89AB1A76C42E00703AA7 /* 3.jpg in Resources */ = {isa = PBXBuildFile; fileRef = A1FD89A11A76C42E00703AA7 /* 3.jpg */; };
		A1FD89AC1A76C42E00703AA7 /* 4.jpg in Resources */ = {isa = PBXBuildFile; fileRef = A1FD89A21A76C42E00703AA7 /* 4.jpg */; };
		A1FD89AD1A76C42E00703AA7 /* 5.jpg in Resources */ = {isa = PBXBuildFile; fileRef = A1FD89A31A76C42E00703AA7 /* 5.jpg */; };
		A1FD89AE1A76C42E00703AA7 /* 6.jpg in Resources */ = {isa = PBXBuildFile; fileRef = A1FD89A41A76C42E00703AA7 /* 6.jpg */; };
		A1FD89AF1A76C42E00703AA7 /* 7.jpg in Resources */ = {isa = PBXBuildFile; fileRef = A1FD89A51A76C42E00703AA7 /* 7.jpg */; };
		A1FD89B01A76C42E00703AA7 /* 8.jpg in Resources */ = {isa = PBXBuildFile; fileRef = A1FD89A61A76C42E00703AA7 /* 8.jpg */; };
		A1FD89B11A76C42E00703AA7 /* 9.jpg in Resources */ = {isa = PBXBuildFile; fileRef = A1FD89A71A76C42E00703AA7 /* 9.jpg */; };
		A1FD89B21A76C42E00703AA7 /* 10.jpg in Resources */ = {isa = PBXBuildFile; fileRef = A1FD89A81A76C42E00703AA7 /* 10.jpg */; };
		A1FD89B51A76C47600703AA7 /* ImagesTableViewController.m in Sources */ = {isa = PBXBuildFile; fileRef = A1FD89B41A76C47600703AA7 /* ImagesTableViewController.m */; };
		A1FD89B81A76C65400703AA7 /* User.m in Sources */ = {isa = PBXBuildFile; fileRef = A1FD89B71A76C65400703AA7 /* User.m */; };
		A1FD89BB1A76C66100703AA7 /* Media.m in Sources */ = {isa = PBXBuildFile; fileRef = A1FD89BA1A76C66100703AA7 /* Media.m */; };
		A1FD89BE1A76C66C00703AA7 /* Comment.m in Sources */ = {isa = PBXBuildFile; fileRef = A1FD89BD1A76C66C00703AA7 /* Comment.m */; };
		A1FD89C11A76C67B00703AA7 /* DataSource.m in Sources */ = {isa = PBXBuildFile; fileRef = A1FD89C01A76C67B00703AA7 /* DataSource.m */; };
		A1FD89C41A76C96400703AA7 /* MediaTableViewCell.m in Sources */ = {isa = PBXBuildFile; fileRef = A1FD89C31A76C96400703AA7 /* MediaTableViewCell.m */; };
		A1FD89C71A76D76D00703AA7 /* LoginViewController.m in Sources */ = {isa = PBXBuildFile; fileRef = A1FD89C61A76D76D00703AA7 /* LoginViewController.m */; };
		A1FD89CA1A780C1F00703AA7 /* MediaFullScreenViewController.m in Sources */ = {isa = PBXBuildFile; fileRef = A1FD89C91A780C1F00703AA7 /* MediaFullScreenViewController.m */; };
		A1FD89CD1A7851BA00703AA7 /* MediaFullScreenAnimator.m in Sources */ = {isa = PBXBuildFile; fileRef = A1FD89CC1A7851BA00703AA7 /* MediaFullScreenAnimator.m */; };
/* End PBXBuildFile section */

/* Begin PBXContainerItemProxy section */
		A1FD898F1A76C3D100703AA7 /* PBXContainerItemProxy */ = {
			isa = PBXContainerItemProxy;
			containerPortal = A1FD896D1A76C3D100703AA7 /* Project object */;
			proxyType = 1;
			remoteGlobalIDString = A1FD89741A76C3D100703AA7;
			remoteInfo = BlocstagramThird;
		};
/* End PBXContainerItemProxy section */

/* Begin PBXFileReference section */
		2416C0A37323E28B693A42EA /* Pods.debug.xcconfig */ = {isa = PBXFileReference; includeInIndex = 1; lastKnownFileType = text.xcconfig; name = Pods.debug.xcconfig; path = "Pods/Target Support Files/Pods/Pods.debug.xcconfig"; sourceTree = "<group>"; };
		7FAA539FE8959A504CE3EA4F /* libPods.a */ = {isa = PBXFileReference; explicitFileType = archive.ar; includeInIndex = 0; path = libPods.a; sourceTree = BUILT_PRODUCTS_DIR; };
		A1927DC11A8282D0003DA9F9 /* CircleSpinnerView.h */ = {isa = PBXFileReference; fileEncoding = 4; lastKnownFileType = sourcecode.c.h; path = CircleSpinnerView.h; sourceTree = "<group>"; };
		A1927DC21A8282D0003DA9F9 /* CircleSpinnerView.m */ = {isa = PBXFileReference; fileEncoding = 4; lastKnownFileType = sourcecode.c.objc; path = CircleSpinnerView.m; sourceTree = "<group>"; };
		A1927DC41A828A49003DA9F9 /* LikeButton.h */ = {isa = PBXFileReference; fileEncoding = 4; lastKnownFileType = sourcecode.c.h; path = LikeButton.h; sourceTree = "<group>"; };
		A1927DC51A828A49003DA9F9 /* LikeButton.m */ = {isa = PBXFileReference; fileEncoding = 4; lastKnownFileType = sourcecode.c.objc; path = LikeButton.m; sourceTree = "<group>"; };
		A1927DC71A82A2CD003DA9F9 /* ComposeCommentView.h */ = {isa = PBXFileReference; fileEncoding = 4; lastKnownFileType = sourcecode.c.h; path = ComposeCommentView.h; sourceTree = "<group>"; };
		A1927DC81A82A2CD003DA9F9 /* ComposeCommentView.m */ = {isa = PBXFileReference; fileEncoding = 4; lastKnownFileType = sourcecode.c.objc; path = ComposeCommentView.m; sourceTree = "<group>"; };
		A1927DCA1A82C714003DA9F9 /* CameraToolbar.h */ = {isa = PBXFileReference; fileEncoding = 4; lastKnownFileType = sourcecode.c.h; path = CameraToolbar.h; sourceTree = "<group>"; };
		A1927DCB1A82C714003DA9F9 /* CameraToolbar.m */ = {isa = PBXFileReference; fileEncoding = 4; lastKnownFileType = sourcecode.c.objc; path = CameraToolbar.m; sourceTree = "<group>"; };
		A1927DCD1A82CD9F003DA9F9 /* CameraViewController.h */ = {isa = PBXFileReference; fileEncoding = 4; lastKnownFileType = sourcecode.c.h; path = CameraViewController.h; sourceTree = "<group>"; };
		A1927DCE1A82CD9F003DA9F9 /* CameraViewController.m */ = {isa = PBXFileReference; fileEncoding = 4; lastKnownFileType = sourcecode.c.objc; path = CameraViewController.m; sourceTree = "<group>"; };
		A1A50B861A8D56CC007B814D /* UIImage+ImageUtilities.h */ = {isa = PBXFileReference; fileEncoding = 4; lastKnownFileType = sourcecode.c.h; name = "UIImage+ImageUtilities.h"; path = "../UIImage+ImageUtilities.h"; sourceTree = "<group>"; };
		A1A50B871A8D56CC007B814D /* UIImage+ImageUtilities.m */ = {isa = PBXFileReference; fileEncoding = 4; lastKnownFileType = sourcecode.c.objc; name = "UIImage+ImageUtilities.m"; path = "../UIImage+ImageUtilities.m"; sourceTree = "<group>"; };
		A1A50B891A9CFB80007B814D /* CropBox.h */ = {isa = PBXFileReference; fileEncoding = 4; lastKnownFileType = sourcecode.c.h; path = CropBox.h; sourceTree = "<group>"; };
		A1A50B8A1A9CFB80007B814D /* CropBox.m */ = {isa = PBXFileReference; fileEncoding = 4; lastKnownFileType = sourcecode.c.objc; path = CropBox.m; sourceTree = "<group>"; };
		A1A50B8C1A9D09EF007B814D /* CropImageViewController.h */ = {isa = PBXFileReference; fileEncoding = 4; lastKnownFileType = sourcecode.c.h; path = CropImageViewController.h; sourceTree = "<group>"; };
		A1A50B8D1A9D09EF007B814D /* CropImageViewController.m */ = {isa = PBXFileReference; fileEncoding = 4; lastKnownFileType = sourcecode.c.objc; path = CropImageViewController.m; sourceTree = "<group>"; };
		A1A50B8F1A9D1075007B814D /* ImageLibraryViewController.h */ = {isa = PBXFileReference; fileEncoding = 4; lastKnownFileType = sourcecode.c.h; path = ImageLibraryViewController.h; sourceTree = "<group>"; };
		A1A50B901A9D1075007B814D /* ImageLibraryViewController.m */ = {isa = PBXFileReference; fileEncoding = 4; lastKnownFileType = sourcecode.c.objc; path = ImageLibraryViewController.m; sourceTree = "<group>"; };
		A1FD89751A76C3D100703AA7 /* BlocstagramThird.app */ = {isa = PBXFileReference; explicitFileType = wrapper.application; includeInIndex = 0; path = BlocstagramThird.app; sourceTree = BUILT_PRODUCTS_DIR; };
		A1FD89791A76C3D100703AA7 /* Info.plist */ = {isa = PBXFileReference; lastKnownFileType = text.plist.xml; path = Info.plist; sourceTree = "<group>"; };
		A1FD897A1A76C3D100703AA7 /* main.m */ = {isa = PBXFileReference; lastKnownFileType = sourcecode.c.objc; path = main.m; sourceTree = "<group>"; };
		A1FD897C1A76C3D100703AA7 /* AppDelegate.h */ = {isa = PBXFileReference; lastKnownFileType = sourcecode.c.h; path = AppDelegate.h; sourceTree = "<group>"; };
		A1FD897D1A76C3D100703AA7 /* AppDelegate.m */ = {isa = PBXFileReference; lastKnownFileType = sourcecode.c.objc; path = AppDelegate.m; sourceTree = "<group>"; };
		A1FD897F1A76C3D100703AA7 /* ViewController.h */ = {isa = PBXFileReference; lastKnownFileType = sourcecode.c.h; path = ViewController.h; sourceTree = "<group>"; };
		A1FD89801A76C3D100703AA7 /* ViewController.m */ = {isa = PBXFileReference; lastKnownFileType = sourcecode.c.objc; path = ViewController.m; sourceTree = "<group>"; };
		A1FD89831A76C3D100703AA7 /* Base */ = {isa = PBXFileReference; lastKnownFileType = file.storyboard; name = Base; path = Base.lproj/Main.storyboard; sourceTree = "<group>"; };
		A1FD89851A76C3D100703AA7 /* Images.xcassets */ = {isa = PBXFileReference; lastKnownFileType = folder.assetcatalog; path = Images.xcassets; sourceTree = "<group>"; };
		A1FD89881A76C3D100703AA7 /* Base */ = {isa = PBXFileReference; lastKnownFileType = file.xib; name = Base; path = Base.lproj/LaunchScreen.xib; sourceTree = "<group>"; };
		A1FD898E1A76C3D100703AA7 /* BlocstagramThirdTests.xctest */ = {isa = PBXFileReference; explicitFileType = wrapper.cfbundle; includeInIndex = 0; path = BlocstagramThirdTests.xctest; sourceTree = BUILT_PRODUCTS_DIR; };
		A1FD89931A76C3D100703AA7 /* Info.plist */ = {isa = PBXFileReference; lastKnownFileType = text.plist.xml; path = Info.plist; sourceTree = "<group>"; };
		A1FD89941A76C3D100703AA7 /* BlocstagramThirdTests.m */ = {isa = PBXFileReference; lastKnownFileType = sourcecode.c.objc; path = BlocstagramThirdTests.m; sourceTree = "<group>"; };
		A1FD899F1A76C42E00703AA7 /* 1.jpg */ = {isa = PBXFileReference; lastKnownFileType = image.jpeg; path = 1.jpg; sourceTree = "<group>"; };
		A1FD89A01A76C42E00703AA7 /* 2.jpg */ = {isa = PBXFileReference; lastKnownFileType = image.jpeg; path = 2.jpg; sourceTree = "<group>"; };
		A1FD89A11A76C42E00703AA7 /* 3.jpg */ = {isa = PBXFileReference; lastKnownFileType = image.jpeg; path = 3.jpg; sourceTree = "<group>"; };
		A1FD89A21A76C42E00703AA7 /* 4.jpg */ = {isa = PBXFileReference; lastKnownFileType = image.jpeg; path = 4.jpg; sourceTree = "<group>"; };
		A1FD89A31A76C42E00703AA7 /* 5.jpg */ = {isa = PBXFileReference; lastKnownFileType = image.jpeg; path = 5.jpg; sourceTree = "<group>"; };
		A1FD89A41A76C42E00703AA7 /* 6.jpg */ = {isa = PBXFileReference; lastKnownFileType = image.jpeg; path = 6.jpg; sourceTree = "<group>"; };
		A1FD89A51A76C42E00703AA7 /* 7.jpg */ = {isa = PBXFileReference; lastKnownFileType = image.jpeg; path = 7.jpg; sourceTree = "<group>"; };
		A1FD89A61A76C42E00703AA7 /* 8.jpg */ = {isa = PBXFileReference; lastKnownFileType = image.jpeg; path = 8.jpg; sourceTree = "<group>"; };
		A1FD89A71A76C42E00703AA7 /* 9.jpg */ = {isa = PBXFileReference; lastKnownFileType = image.jpeg; path = 9.jpg; sourceTree = "<group>"; };
		A1FD89A81A76C42E00703AA7 /* 10.jpg */ = {isa = PBXFileReference; lastKnownFileType = image.jpeg; path = 10.jpg; sourceTree = "<group>"; };
		A1FD89B31A76C47600703AA7 /* ImagesTableViewController.h */ = {isa = PBXFileReference; fileEncoding = 4; lastKnownFileType = sourcecode.c.h; path = ImagesTableViewController.h; sourceTree = "<group>"; };
		A1FD89B41A76C47600703AA7 /* ImagesTableViewController.m */ = {isa = PBXFileReference; fileEncoding = 4; lastKnownFileType = sourcecode.c.objc; path = ImagesTableViewController.m; sourceTree = "<group>"; };
		A1FD89B61A76C65400703AA7 /* User.h */ = {isa = PBXFileReference; fileEncoding = 4; lastKnownFileType = sourcecode.c.h; path = User.h; sourceTree = "<group>"; };
		A1FD89B71A76C65400703AA7 /* User.m */ = {isa = PBXFileReference; fileEncoding = 4; lastKnownFileType = sourcecode.c.objc; path = User.m; sourceTree = "<group>"; };
		A1FD89B91A76C66100703AA7 /* Media.h */ = {isa = PBXFileReference; fileEncoding = 4; lastKnownFileType = sourcecode.c.h; path = Media.h; sourceTree = "<group>"; };
		A1FD89BA1A76C66100703AA7 /* Media.m */ = {isa = PBXFileReference; fileEncoding = 4; lastKnownFileType = sourcecode.c.objc; path = Media.m; sourceTree = "<group>"; };
		A1FD89BC1A76C66C00703AA7 /* Comment.h */ = {isa = PBXFileReference; fileEncoding = 4; lastKnownFileType = sourcecode.c.h; path = Comment.h; sourceTree = "<group>"; };
		A1FD89BD1A76C66C00703AA7 /* Comment.m */ = {isa = PBXFileReference; fileEncoding = 4; lastKnownFileType = sourcecode.c.objc; path = Comment.m; sourceTree = "<group>"; };
		A1FD89BF1A76C67B00703AA7 /* DataSource.h */ = {isa = PBXFileReference; fileEncoding = 4; lastKnownFileType = sourcecode.c.h; path = DataSource.h; sourceTree = "<group>"; };
		A1FD89C01A76C67B00703AA7 /* DataSource.m */ = {isa = PBXFileReference; fileEncoding = 4; lastKnownFileType = sourcecode.c.objc; path = DataSource.m; sourceTree = "<group>"; };
		A1FD89C21A76C96400703AA7 /* MediaTableViewCell.h */ = {isa = PBXFileReference; fileEncoding = 4; lastKnownFileType = sourcecode.c.h; path = MediaTableViewCell.h; sourceTree = "<group>"; };
		A1FD89C31A76C96400703AA7 /* MediaTableViewCell.m */ = {isa = PBXFileReference; fileEncoding = 4; lastKnownFileType = sourcecode.c.objc; path = MediaTableViewCell.m; sourceTree = "<group>"; };
		A1FD89C51A76D76D00703AA7 /* LoginViewController.h */ = {isa = PBXFileReference; fileEncoding = 4; lastKnownFileType = sourcecode.c.h; path = LoginViewController.h; sourceTree = "<group>"; };
		A1FD89C61A76D76D00703AA7 /* LoginViewController.m */ = {isa = PBXFileReference; fileEncoding = 4; lastKnownFileType = sourcecode.c.objc; path = LoginViewController.m; sourceTree = "<group>"; };
		A1FD89C81A780C1F00703AA7 /* MediaFullScreenViewController.h */ = {isa = PBXFileReference; fileEncoding = 4; lastKnownFileType = sourcecode.c.h; path = MediaFullScreenViewController.h; sourceTree = "<group>"; };
		A1FD89C91A780C1F00703AA7 /* MediaFullScreenViewController.m */ = {isa = PBXFileReference; fileEncoding = 4; lastKnownFileType = sourcecode.c.objc; path = MediaFullScreenViewController.m; sourceTree = "<group>"; };
		A1FD89CB1A7851BA00703AA7 /* MediaFullScreenAnimator.h */ = {isa = PBXFileReference; fileEncoding = 4; lastKnownFileType = sourcecode.c.h; path = MediaFullScreenAnimator.h; sourceTree = "<group>"; };
		A1FD89CC1A7851BA00703AA7 /* MediaFullScreenAnimator.m */ = {isa = PBXFileReference; fileEncoding = 4; lastKnownFileType = sourcecode.c.objc; path = MediaFullScreenAnimator.m; sourceTree = "<group>"; };
		A8DBEB5B4BE6E907830CFEF3 /* Pods.release.xcconfig */ = {isa = PBXFileReference; includeInIndex = 1; lastKnownFileType = text.xcconfig; name = Pods.release.xcconfig; path = "Pods/Target Support Files/Pods/Pods.release.xcconfig"; sourceTree = "<group>"; };
/* End PBXFileReference section */

/* Begin PBXFrameworksBuildPhase section */
		A1FD89721A76C3D100703AA7 /* Frameworks */ = {
			isa = PBXFrameworksBuildPhase;
			buildActionMask = 2147483647;
			files = (
				8C2B965CE63E96B6E6381ABB /* libPods.a in Frameworks */,
			);
			runOnlyForDeploymentPostprocessing = 0;
		};
		A1FD898B1A76C3D100703AA7 /* Frameworks */ = {
			isa = PBXFrameworksBuildPhase;
			buildActionMask = 2147483647;
			files = (
			);
			runOnlyForDeploymentPostprocessing = 0;
		};
/* End PBXFrameworksBuildPhase section */

/* Begin PBXGroup section */
		1164444B30997E70A2BF6EB0 /* Pods */ = {
			isa = PBXGroup;
			children = (
				2416C0A37323E28B693A42EA /* Pods.debug.xcconfig */,
				A8DBEB5B4BE6E907830CFEF3 /* Pods.release.xcconfig */,
			);
			name = Pods;
			sourceTree = "<group>";
		};
		11BFFC80C0DC534AF8363FD2 /* Frameworks */ = {
			isa = PBXGroup;
			children = (
				7FAA539FE8959A504CE3EA4F /* libPods.a */,
			);
			name = Frameworks;
			sourceTree = "<group>";
		};
		A1FD896C1A76C3D100703AA7 = {
			isa = PBXGroup;
			children = (
				A1FD89771A76C3D100703AA7 /* BlocstagramThird */,
				A1FD89911A76C3D100703AA7 /* BlocstagramThirdTests */,
				A1FD89761A76C3D100703AA7 /* Products */,
				1164444B30997E70A2BF6EB0 /* Pods */,
				11BFFC80C0DC534AF8363FD2 /* Frameworks */,
			);
			sourceTree = "<group>";
		};
		A1FD89761A76C3D100703AA7 /* Products */ = {
			isa = PBXGroup;
			children = (
				A1FD89751A76C3D100703AA7 /* BlocstagramThird.app */,
				A1FD898E1A76C3D100703AA7 /* BlocstagramThirdTests.xctest */,
			);
			name = Products;
			sourceTree = "<group>";
		};
		A1FD89771A76C3D100703AA7 /* BlocstagramThird */ = {
			isa = PBXGroup;
			children = (
				A1FD897C1A76C3D100703AA7 /* AppDelegate.h */,
				A1FD897D1A76C3D100703AA7 /* AppDelegate.m */,
				A1927DCA1A82C714003DA9F9 /* CameraToolbar.h */,
				A1927DCB1A82C714003DA9F9 /* CameraToolbar.m */,
				A1927DCD1A82CD9F003DA9F9 /* CameraViewController.h */,
				A1927DCE1A82CD9F003DA9F9 /* CameraViewController.m */,
				A1927DC11A8282D0003DA9F9 /* CircleSpinnerView.h */,
				A1927DC21A8282D0003DA9F9 /* CircleSpinnerView.m */,
				A1FD89BC1A76C66C00703AA7 /* Comment.h */,
				A1FD89BD1A76C66C00703AA7 /* Comment.m */,
				A1927DC71A82A2CD003DA9F9 /* ComposeCommentView.h */,
				A1927DC81A82A2CD003DA9F9 /* ComposeCommentView.m */,
				A1A50B891A9CFB80007B814D /* CropBox.h */,
				A1A50B8A1A9CFB80007B814D /* CropBox.m */,
				A1A50B8C1A9D09EF007B814D /* CropImageViewController.h */,
				A1A50B8D1A9D09EF007B814D /* CropImageViewController.m */,
				A1FD89BF1A76C67B00703AA7 /* DataSource.h */,
				A1FD89C01A76C67B00703AA7 /* DataSource.m */,
				A1A50B8F1A9D1075007B814D /* ImageLibraryViewController.h */,
				A1A50B901A9D1075007B814D /* ImageLibraryViewController.m */,
				A1FD89B31A76C47600703AA7 /* ImagesTableViewController.h */,
				A1FD89B41A76C47600703AA7 /* ImagesTableViewController.m */,
				A1927DC41A828A49003DA9F9 /* LikeButton.h */,
				A1927DC51A828A49003DA9F9 /* LikeButton.m */,
				A1FD89C51A76D76D00703AA7 /* LoginViewController.h */,
				A1FD89C61A76D76D00703AA7 /* LoginViewController.m */,
				A1FD89B91A76C66100703AA7 /* Media.h */,
				A1FD89BA1A76C66100703AA7 /* Media.m */,
				A1FD89CB1A7851BA00703AA7 /* MediaFullScreenAnimator.h */,
				A1FD89CC1A7851BA00703AA7 /* MediaFullScreenAnimator.m */,
				A1FD89C81A780C1F00703AA7 /* MediaFullScreenViewController.h */,
				A1FD89C91A780C1F00703AA7 /* MediaFullScreenViewController.m */,
				A1FD89C21A76C96400703AA7 /* MediaTableViewCell.h */,
				A1FD89C31A76C96400703AA7 /* MediaTableViewCell.m */,
				A1A50B861A8D56CC007B814D /* UIImage+ImageUtilities.h */,
				A1A50B871A8D56CC007B814D /* UIImage+ImageUtilities.m */,
				A1FD89B61A76C65400703AA7 /* User.h */,
				A1FD89B71A76C65400703AA7 /* User.m */,
				A1FD897F1A76C3D100703AA7 /* ViewController.h */,
				A1FD89801A76C3D100703AA7 /* ViewController.m */,
				A1FD89821A76C3D100703AA7 /* Main.storyboard */,
				A1FD89851A76C3D100703AA7 /* Images.xcassets */,
				A1FD89871A76C3D100703AA7 /* LaunchScreen.xib */,
				A1FD899E1A76C3E900703AA7 /* Images */,
				A1FD89781A76C3D100703AA7 /* Supporting Files */,
			);
			path = BlocstagramThird;
			sourceTree = "<group>";
		};
		A1FD89781A76C3D100703AA7 /* Supporting Files */ = {
			isa = PBXGroup;
			children = (
				A1FD89791A76C3D100703AA7 /* Info.plist */,
				A1FD897A1A76C3D100703AA7 /* main.m */,
			);
			name = "Supporting Files";
			sourceTree = "<group>";
		};
		A1FD89911A76C3D100703AA7 /* BlocstagramThirdTests */ = {
			isa = PBXGroup;
			children = (
				A1FD89941A76C3D100703AA7 /* BlocstagramThirdTests.m */,
				A1FD89921A76C3D100703AA7 /* Supporting Files */,
			);
			path = BlocstagramThirdTests;
			sourceTree = "<group>";
		};
		A1FD89921A76C3D100703AA7 /* Supporting Files */ = {
			isa = PBXGroup;
			children = (
				A1FD89931A76C3D100703AA7 /* Info.plist */,
			);
			name = "Supporting Files";
			sourceTree = "<group>";
		};
		A1FD899E1A76C3E900703AA7 /* Images */ = {
			isa = PBXGroup;
			children = (
				A1FD899F1A76C42E00703AA7 /* 1.jpg */,
				A1FD89A01A76C42E00703AA7 /* 2.jpg */,
				A1FD89A11A76C42E00703AA7 /* 3.jpg */,
				A1FD89A21A76C42E00703AA7 /* 4.jpg */,
				A1FD89A31A76C42E00703AA7 /* 5.jpg */,
				A1FD89A41A76C42E00703AA7 /* 6.jpg */,
				A1FD89A51A76C42E00703AA7 /* 7.jpg */,
				A1FD89A61A76C42E00703AA7 /* 8.jpg */,
				A1FD89A71A76C42E00703AA7 /* 9.jpg */,
				A1FD89A81A76C42E00703AA7 /* 10.jpg */,
			);
			name = Images;
			sourceTree = "<group>";
		};
/* End PBXGroup section */

/* Begin PBXNativeTarget section */
		A1FD89741A76C3D100703AA7 /* BlocstagramThird */ = {
			isa = PBXNativeTarget;
			buildConfigurationList = A1FD89981A76C3D100703AA7 /* Build configuration list for PBXNativeTarget "BlocstagramThird" */;
			buildPhases = (
				C16A764ED9153BD4B9051DB5 /* Check Pods Manifest.lock */,
				A1FD89711A76C3D100703AA7 /* Sources */,
				A1FD89721A76C3D100703AA7 /* Frameworks */,
				A1FD89731A76C3D100703AA7 /* Resources */,
				C3C3D3D905E024BDE3188B72 /* Copy Pods Resources */,
			);
			buildRules = (
			);
			dependencies = (
			);
			name = BlocstagramThird;
			productName = BlocstagramThird;
			productReference = A1FD89751A76C3D100703AA7 /* BlocstagramThird.app */;
			productType = "com.apple.product-type.application";
		};
		A1FD898D1A76C3D100703AA7 /* BlocstagramThirdTests */ = {
			isa = PBXNativeTarget;
			buildConfigurationList = A1FD899B1A76C3D100703AA7 /* Build configuration list for PBXNativeTarget "BlocstagramThirdTests" */;
			buildPhases = (
				A1FD898A1A76C3D100703AA7 /* Sources */,
				A1FD898B1A76C3D100703AA7 /* Frameworks */,
				A1FD898C1A76C3D100703AA7 /* Resources */,
			);
			buildRules = (
			);
			dependencies = (
				A1FD89901A76C3D100703AA7 /* PBXTargetDependency */,
			);
			name = BlocstagramThirdTests;
			productName = BlocstagramThirdTests;
			productReference = A1FD898E1A76C3D100703AA7 /* BlocstagramThirdTests.xctest */;
			productType = "com.apple.product-type.bundle.unit-test";
		};
/* End PBXNativeTarget section */

/* Begin PBXProject section */
		A1FD896D1A76C3D100703AA7 /* Project object */ = {
			isa = PBXProject;
			attributes = {
				LastUpgradeCheck = 0610;
				ORGANIZATIONNAME = "Tmrw, Inc.";
				TargetAttributes = {
					A1FD89741A76C3D100703AA7 = {
						CreatedOnToolsVersion = 6.1.1;
					};
					A1FD898D1A76C3D100703AA7 = {
						CreatedOnToolsVersion = 6.1.1;
						TestTargetID = A1FD89741A76C3D100703AA7;
					};
				};
			};
			buildConfigurationList = A1FD89701A76C3D100703AA7 /* Build configuration list for PBXProject "BlocstagramThird" */;
			compatibilityVersion = "Xcode 3.2";
			developmentRegion = English;
			hasScannedForEncodings = 0;
			knownRegions = (
				en,
				Base,
			);
			mainGroup = A1FD896C1A76C3D100703AA7;
			productRefGroup = A1FD89761A76C3D100703AA7 /* Products */;
			projectDirPath = "";
			projectRoot = "";
			targets = (
				A1FD89741A76C3D100703AA7 /* BlocstagramThird */,
				A1FD898D1A76C3D100703AA7 /* BlocstagramThirdTests */,
			);
		};
/* End PBXProject section */

/* Begin PBXResourcesBuildPhase section */
		A1FD89731A76C3D100703AA7 /* Resources */ = {
			isa = PBXResourcesBuildPhase;
			buildActionMask = 2147483647;
			files = (
				A1FD89B21A76C42E00703AA7 /* 10.jpg in Resources */,
				A1FD89B01A76C42E00703AA7 /* 8.jpg in Resources */,
				A1FD89AE1A76C42E00703AA7 /* 6.jpg in Resources */,
				A1FD89841A76C3D100703AA7 /* Main.storyboard in Resources */,
				A1FD89AD1A76C42E00703AA7 /* 5.jpg in Resources */,
				A1FD89AC1A76C42E00703AA7 /* 4.jpg in Resources */,
				A1FD89A91A76C42E00703AA7 /* 1.jpg in Resources */,
				A1FD89AA1A76C42E00703AA7 /* 2.jpg in Resources */,
				A1FD89AB1A76C42E00703AA7 /* 3.jpg in Resources */,
				A1FD89AF1A76C42E00703AA7 /* 7.jpg in Resources */,
				A1FD89B11A76C42E00703AA7 /* 9.jpg in Resources */,
				A1FD89891A76C3D100703AA7 /* LaunchScreen.xib in Resources */,
				A1FD89861A76C3D100703AA7 /* Images.xcassets in Resources */,
			);
			runOnlyForDeploymentPostprocessing = 0;
		};
		A1FD898C1A76C3D100703AA7 /* Resources */ = {
			isa = PBXResourcesBuildPhase;
			buildActionMask = 2147483647;
			files = (
			);
			runOnlyForDeploymentPostprocessing = 0;
		};
/* End PBXResourcesBuildPhase section */

/* Begin PBXShellScriptBuildPhase section */
		C16A764ED9153BD4B9051DB5 /* Check Pods Manifest.lock */ = {
			isa = PBXShellScriptBuildPhase;
			buildActionMask = 2147483647;
			files = (
			);
			inputPaths = (
			);
			name = "Check Pods Manifest.lock";
			outputPaths = (
			);
			runOnlyForDeploymentPostprocessing = 0;
			shellPath = /bin/sh;
			shellScript = "diff \"${PODS_ROOT}/../Podfile.lock\" \"${PODS_ROOT}/Manifest.lock\" > /dev/null\nif [[ $? != 0 ]] ; then\n    cat << EOM\nerror: The sandbox is not in sync with the Podfile.lock. Run 'pod install' or update your CocoaPods installation.\nEOM\n    exit 1\nfi\n";
			showEnvVarsInLog = 0;
		};
		C3C3D3D905E024BDE3188B72 /* Copy Pods Resources */ = {
			isa = PBXShellScriptBuildPhase;
			buildActionMask = 2147483647;
			files = (
			);
			inputPaths = (
			);
			name = "Copy Pods Resources";
			outputPaths = (
			);
			runOnlyForDeploymentPostprocessing = 0;
			shellPath = /bin/sh;
			shellScript = "\"${SRCROOT}/Pods/Target Support Files/Pods/Pods-resources.sh\"\n";
			showEnvVarsInLog = 0;
		};
/* End PBXShellScriptBuildPhase section */

/* Begin PBXSourcesBuildPhase section */
		A1FD89711A76C3D100703AA7 /* Sources */ = {
			isa = PBXSourcesBuildPhase;
			buildActionMask = 2147483647;
			files = (
				A1A50B911A9D1075007B814D /* ImageLibraryViewController.m in Sources */,
				A1FD89BE1A76C66C00703AA7 /* Comment.m in Sources */,
				A1FD89BB1A76C66100703AA7 /* Media.m in Sources */,
				A1FD89C41A76C96400703AA7 /* MediaTableViewCell.m in Sources */,
				A1927DC91A82A2CD003DA9F9 /* ComposeCommentView.m in Sources */,
				A1FD89C11A76C67B00703AA7 /* DataSource.m in Sources */,
				A1FD89C71A76D76D00703AA7 /* LoginViewController.m in Sources */,
				A1927DCC1A82C714003DA9F9 /* CameraToolbar.m in Sources */,
				A1FD89B81A76C65400703AA7 /* User.m in Sources */,
				A1FD89811A76C3D100703AA7 /* ViewController.m in Sources */,
				A1FD89CA1A780C1F00703AA7 /* MediaFullScreenViewController.m in Sources */,
				A1927DCF1A82CD9F003DA9F9 /* CameraViewController.m in Sources */,
				A1927DC61A828A49003DA9F9 /* LikeButton.m in Sources */,
				A1A50B881A8D56CC007B814D /* UIImage+ImageUtilities.m in Sources */,
				A1FD897E1A76C3D100703AA7 /* AppDelegate.m in Sources */,
				A1A50B8E1A9D09EF007B814D /* CropImageViewController.m in Sources */,
				A1FD897B1A76C3D100703AA7 /* main.m in Sources */,
				A1FD89CD1A7851BA00703AA7 /* MediaFullScreenAnimator.m in Sources */,
				A1927DC31A8282D0003DA9F9 /* CircleSpinnerView.m in Sources */,
				A1FD89B51A76C47600703AA7 /* ImagesTableViewController.m in Sources */,
				A1A50B8B1A9CFB80007B814D /* CropBox.m in Sources */,
			);
			runOnlyForDeploymentPostprocessing = 0;
		};
		A1FD898A1A76C3D100703AA7 /* Sources */ = {
			isa = PBXSourcesBuildPhase;
			buildActionMask = 2147483647;
			files = (
				A1FD89951A76C3D100703AA7 /* BlocstagramThirdTests.m in Sources */,
			);
			runOnlyForDeploymentPostprocessing = 0;
		};
/* End PBXSourcesBuildPhase section */

/* Begin PBXTargetDependency section */
		A1FD89901A76C3D100703AA7 /* PBXTargetDependency */ = {
			isa = PBXTargetDependency;
			target = A1FD89741A76C3D100703AA7 /* BlocstagramThird */;
			targetProxy = A1FD898F1A76C3D100703AA7 /* PBXContainerItemProxy */;
		};
/* End PBXTargetDependency section */

/* Begin PBXVariantGroup section */
		A1FD89821A76C3D100703AA7 /* Main.storyboard */ = {
			isa = PBXVariantGroup;
			children = (
				A1FD89831A76C3D100703AA7 /* Base */,
			);
			name = Main.storyboard;
			sourceTree = "<group>";
		};
		A1FD89871A76C3D100703AA7 /* LaunchScreen.xib */ = {
			isa = PBXVariantGroup;
			children = (
				A1FD89881A76C3D100703AA7 /* Base */,
			);
			name = LaunchScreen.xib;
			sourceTree = "<group>";
		};
/* End PBXVariantGroup section */

/* Begin XCBuildConfiguration section */
		A1FD89961A76C3D100703AA7 /* Debug */ = {
			isa = XCBuildConfiguration;
			buildSettings = {
				ALWAYS_SEARCH_USER_PATHS = NO;
				CLANG_CXX_LANGUAGE_STANDARD = "gnu++0x";
				CLANG_CXX_LIBRARY = "libc++";
				CLANG_ENABLE_MODULES = YES;
				CLANG_ENABLE_OBJC_ARC = YES;
				CLANG_WARN_BOOL_CONVERSION = YES;
				CLANG_WARN_CONSTANT_CONVERSION = YES;
				CLANG_WARN_DIRECT_OBJC_ISA_USAGE = YES_ERROR;
				CLANG_WARN_EMPTY_BODY = YES;
				CLANG_WARN_ENUM_CONVERSION = YES;
				CLANG_WARN_INT_CONVERSION = YES;
				CLANG_WARN_OBJC_ROOT_CLASS = YES_ERROR;
				CLANG_WARN_UNREACHABLE_CODE = YES;
				CLANG_WARN__DUPLICATE_METHOD_MATCH = YES;
				"CODE_SIGN_IDENTITY[sdk=iphoneos*]" = "iPhone Developer";
				COPY_PHASE_STRIP = NO;
				ENABLE_STRICT_OBJC_MSGSEND = YES;
				GCC_C_LANGUAGE_STANDARD = gnu99;
				GCC_DYNAMIC_NO_PIC = NO;
				GCC_OPTIMIZATION_LEVEL = 0;
				GCC_PREPROCESSOR_DEFINITIONS = (
					"DEBUG=1",
					"$(inherited)",
				);
				GCC_SYMBOLS_PRIVATE_EXTERN = NO;
				GCC_WARN_64_TO_32_BIT_CONVERSION = YES;
				GCC_WARN_ABOUT_RETURN_TYPE = YES_ERROR;
				GCC_WARN_UNDECLARED_SELECTOR = YES;
				GCC_WARN_UNINITIALIZED_AUTOS = YES_AGGRESSIVE;
				GCC_WARN_UNUSED_FUNCTION = YES;
				GCC_WARN_UNUSED_VARIABLE = YES;
				IPHONEOS_DEPLOYMENT_TARGET = 8.1;
				MTL_ENABLE_DEBUG_INFO = YES;
				ONLY_ACTIVE_ARCH = YES;
				SDKROOT = iphoneos;
				TARGETED_DEVICE_FAMILY = "1,2";
			};
			name = Debug;
		};
		A1FD89971A76C3D100703AA7 /* Release */ = {
			isa = XCBuildConfiguration;
			buildSettings = {
				ALWAYS_SEARCH_USER_PATHS = NO;
				CLANG_CXX_LANGUAGE_STANDARD = "gnu++0x";
				CLANG_CXX_LIBRARY = "libc++";
				CLANG_ENABLE_MODULES = YES;
				CLANG_ENABLE_OBJC_ARC = YES;
				CLANG_WARN_BOOL_CONVERSION = YES;
				CLANG_WARN_CONSTANT_CONVERSION = YES;
				CLANG_WARN_DIRECT_OBJC_ISA_USAGE = YES_ERROR;
				CLANG_WARN_EMPTY_BODY = YES;
				CLANG_WARN_ENUM_CONVERSION = YES;
				CLANG_WARN_INT_CONVERSION = YES;
				CLANG_WARN_OBJC_ROOT_CLASS = YES_ERROR;
				CLANG_WARN_UNREACHABLE_CODE = YES;
				CLANG_WARN__DUPLICATE_METHOD_MATCH = YES;
				"CODE_SIGN_IDENTITY[sdk=iphoneos*]" = "iPhone Developer";
				COPY_PHASE_STRIP = YES;
				ENABLE_NS_ASSERTIONS = NO;
				ENABLE_STRICT_OBJC_MSGSEND = YES;
				GCC_C_LANGUAGE_STANDARD = gnu99;
				GCC_WARN_64_TO_32_BIT_CONVERSION = YES;
				GCC_WARN_ABOUT_RETURN_TYPE = YES_ERROR;
				GCC_WARN_UNDECLARED_SELECTOR = YES;
				GCC_WARN_UNINITIALIZED_AUTOS = YES_AGGRESSIVE;
				GCC_WARN_UNUSED_FUNCTION = YES;
				GCC_WARN_UNUSED_VARIABLE = YES;
				IPHONEOS_DEPLOYMENT_TARGET = 8.1;
				MTL_ENABLE_DEBUG_INFO = NO;
				SDKROOT = iphoneos;
				TARGETED_DEVICE_FAMILY = "1,2";
				VALIDATE_PRODUCT = YES;
			};
			name = Release;
		};
		A1FD89991A76C3D100703AA7 /* Debug */ = {
			isa = XCBuildConfiguration;
			baseConfigurationReference = 2416C0A37323E28B693A42EA /* Pods.debug.xcconfig */;
			buildSettings = {
				ASSETCATALOG_COMPILER_APPICON_NAME = AppIcon;
				INFOPLIST_FILE = BlocstagramThird/Info.plist;
				LD_RUNPATH_SEARCH_PATHS = "$(inherited) @executable_path/Frameworks";
				PRODUCT_NAME = "$(TARGET_NAME)";
			};
			name = Debug;
		};
		A1FD899A1A76C3D100703AA7 /* Release */ = {
			isa = XCBuildConfiguration;
			baseConfigurationReference = A8DBEB5B4BE6E907830CFEF3 /* Pods.release.xcconfig */;
			buildSettings = {
				ASSETCATALOG_COMPILER_APPICON_NAME = AppIcon;
				INFOPLIST_FILE = BlocstagramThird/Info.plist;
				LD_RUNPATH_SEARCH_PATHS = "$(inherited) @executable_path/Frameworks";
				PRODUCT_NAME = "$(TARGET_NAME)";
			};
			name = Release;
		};
		A1FD899C1A76C3D100703AA7 /* Debug */ = {
			isa = XCBuildConfiguration;
			buildSettings = {
				BUNDLE_LOADER = "$(TEST_HOST)";
				FRAMEWORK_SEARCH_PATHS = (
					"$(SDKROOT)/Developer/Library/Frameworks",
					"$(inherited)",
				);
				GCC_PREPROCESSOR_DEFINITIONS = (
					"DEBUG=1",
					"$(inherited)",
				);
				INFOPLIST_FILE = BlocstagramThirdTests/Info.plist;
				LD_RUNPATH_SEARCH_PATHS = "$(inherited) @executable_path/Frameworks @loader_path/Frameworks";
				PRODUCT_NAME = "$(TARGET_NAME)";
				TEST_HOST = "$(BUILT_PRODUCTS_DIR)/BlocstagramThird.app/BlocstagramThird";
			};
			name = Debug;
		};
		A1FD899D1A76C3D100703AA7 /* Release */ = {
			isa = XCBuildConfiguration;
			buildSettings = {
				BUNDLE_LOADER = "$(TEST_HOST)";
				FRAMEWORK_SEARCH_PATHS = (
					"$(SDKROOT)/Developer/Library/Frameworks",
					"$(inherited)",
				);
				INFOPLIST_FILE = BlocstagramThirdTests/Info.plist;
				LD_RUNPATH_SEARCH_PATHS = "$(inherited) @executable_path/Frameworks @loader_path/Frameworks";
				PRODUCT_NAME = "$(TARGET_NAME)";
				TEST_HOST = "$(BUILT_PRODUCTS_DIR)/BlocstagramThird.app/BlocstagramThird";
			};
			name = Release;
		};
/* End XCBuildConfiguration section */

/* Begin XCConfigurationList section */
		A1FD89701A76C3D100703AA7 /* Build configuration list for PBXProject "BlocstagramThird" */ = {
			isa = XCConfigurationList;
			buildConfigurations = (
				A1FD89961A76C3D100703AA7 /* Debug */,
				A1FD89971A76C3D100703AA7 /* Release */,
			);
			defaultConfigurationIsVisible = 0;
			defaultConfigurationName = Release;
		};
		A1FD89981A76C3D100703AA7 /* Build configuration list for PBXNativeTarget "BlocstagramThird" */ = {
			isa = XCConfigurationList;
			buildConfigurations = (
				A1FD89991A76C3D100703AA7 /* Debug */,
				A1FD899A1A76C3D100703AA7 /* Release */,
			);
			defaultConfigurationIsVisible = 0;
			defaultConfigurationName = Release;
		};
		A1FD899B1A76C3D100703AA7 /* Build configuration list for PBXNativeTarget "BlocstagramThirdTests" */ = {
			isa = XCConfigurationList;
			buildConfigurations = (
				A1FD899C1A76C3D100703AA7 /* Debug */,
				A1FD899D1A76C3D100703AA7 /* Release */,
			);
			defaultConfigurationIsVisible = 0;
			defaultConfigurationName = Release;
		};
/* End XCConfigurationList section */
	};
	rootObject = A1FD896D1A76C3D100703AA7 /* Project object */;
}
